// !$*UTF8*$!
{
	archiveVersion = 1;
	classes = {
	};
	objectVersion = 46;
	objects = {

/* Begin PBXBuildFile section */
		9239DE391AEBB1F900D8C151 /* DetailViewCtroller.m in Sources */ = {isa = PBXBuildFile; fileRef = 9239DE381AEBB1F900D8C151 /* DetailViewCtroller.m */; };
		92DA648A1AEA26ED00EB0135 /* main.m in Sources */ = {isa = PBXBuildFile; fileRef = 92DA64891AEA26ED00EB0135 /* main.m */; };
		92DA648D1AEA26ED00EB0135 /* AppDelegate.m in Sources */ = {isa = PBXBuildFile; fileRef = 92DA648C1AEA26ED00EB0135 /* AppDelegate.m */; };
		92DA64901AEA26ED00EB0135 /* ViewController.m in Sources */ = {isa = PBXBuildFile; fileRef = 92DA648F1AEA26ED00EB0135 /* ViewController.m */; };
		92DA64931AEA26ED00EB0135 /* Main.storyboard in Resources */ = {isa = PBXBuildFile; fileRef = 92DA64911AEA26ED00EB0135 /* Main.storyboard */; };
		92DA64951AEA26ED00EB0135 /* Images.xcassets in Resources */ = {isa = PBXBuildFile; fileRef = 92DA64941AEA26ED00EB0135 /* Images.xcassets */; };
		92DA64981AEA26ED00EB0135 /* LaunchScreen.xib in Resources */ = {isa = PBXBuildFile; fileRef = 92DA64961AEA26ED00EB0135 /* LaunchScreen.xib */; };
		92DA64A41AEA26ED00EB0135 /* AppStore_Horizontal_DemoTests.m in Sources */ = {isa = PBXBuildFile; fileRef = 92DA64A31AEA26ED00EB0135 /* AppStore_Horizontal_DemoTests.m */; };
		92DA64B01AEA27A500EB0135 /* HorizontalScrollCell.m in Sources */ = {isa = PBXBuildFile; fileRef = 92DA64AF1AEA27A500EB0135 /* HorizontalScrollCell.m */; };
		92DA64B31AEA27D900EB0135 /* BaseTableViewCell.m in Sources */ = {isa = PBXBuildFile; fileRef = 92DA64B21AEA27D900EB0135 /* BaseTableViewCell.m */; };
		92DA64B61AEA27F600EB0135 /* BaseModel.m in Sources */ = {isa = PBXBuildFile; fileRef = 92DA64B51AEA27F600EB0135 /* BaseModel.m */; };
		92DA64BE1AEA49AF00EB0135 /* HorizonScrollTableView.m in Sources */ = {isa = PBXBuildFile; fileRef = 92DA64BD1AEA49AF00EB0135 /* HorizonScrollTableView.m */; };
		92DA64C11AEA4AF900EB0135 /* HorzonItemCell.m in Sources */ = {isa = PBXBuildFile; fileRef = 92DA64C01AEA4AF900EB0135 /* HorzonItemCell.m */; };
		92DA64C71AEA4E2600EB0135 /* UIView+ViewConstraint.m in Sources */ = {isa = PBXBuildFile; fileRef = 92DA64C61AEA4E2600EB0135 /* UIView+ViewConstraint.m */; };
		92DA64CC1AEA638700EB0135 /* CollectModel.m in Sources */ = {isa = PBXBuildFile; fileRef = 92DA64C91AEA638700EB0135 /* CollectModel.m */; };
		92DA64CD1AEA638700EB0135 /* CategoryModel.m in Sources */ = {isa = PBXBuildFile; fileRef = 92DA64CB1AEA638700EB0135 /* CategoryModel.m */; };
/* End PBXBuildFile section */

/* Begin PBXContainerItemProxy section */
		92DA649E1AEA26ED00EB0135 /* PBXContainerItemProxy */ = {
			isa = PBXContainerItemProxy;
			containerPortal = 92DA647C1AEA26EC00EB0135 /* Project object */;
			proxyType = 1;
			remoteGlobalIDString = 92DA64831AEA26ED00EB0135;
			remoteInfo = "AppStore(Horizontal)Demo";
		};
/* End PBXContainerItemProxy section */

/* Begin PBXFileReference section */
		9239DE371AEBB1F900D8C151 /* DetailViewCtroller.h */ = {isa = PBXFileReference; fileEncoding = 4; lastKnownFileType = sourcecode.c.h; path = DetailViewCtroller.h; sourceTree = "<group>"; };
		9239DE381AEBB1F900D8C151 /* DetailViewCtroller.m */ = {isa = PBXFileReference; fileEncoding = 4; lastKnownFileType = sourcecode.c.objc; path = DetailViewCtroller.m; sourceTree = "<group>"; };
		92DA64841AEA26ED00EB0135 /* AppStore(Horizontal)Demo.app */ = {isa = PBXFileReference; explicitFileType = wrapper.application; includeInIndex = 0; path = "AppStore(Horizontal)Demo.app"; sourceTree = BUILT_PRODUCTS_DIR; };
		92DA64881AEA26ED00EB0135 /* Info.plist */ = {isa = PBXFileReference; lastKnownFileType = text.plist.xml; path = Info.plist; sourceTree = "<group>"; };
		92DA64891AEA26ED00EB0135 /* main.m */ = {isa = PBXFileReference; lastKnownFileType = sourcecode.c.objc; path = main.m; sourceTree = "<group>"; };
		92DA648B1AEA26ED00EB0135 /* AppDelegate.h */ = {isa = PBXFileReference; lastKnownFileType = sourcecode.c.h; path = AppDelegate.h; sourceTree = "<group>"; };
		92DA648C1AEA26ED00EB0135 /* AppDelegate.m */ = {isa = PBXFileReference; lastKnownFileType = sourcecode.c.objc; path = AppDelegate.m; sourceTree = "<group>"; };
		92DA648E1AEA26ED00EB0135 /* ViewController.h */ = {isa = PBXFileReference; lastKnownFileType = sourcecode.c.h; path = ViewController.h; sourceTree = "<group>"; };
		92DA648F1AEA26ED00EB0135 /* ViewController.m */ = {isa = PBXFileReference; lastKnownFileType = sourcecode.c.objc; path = ViewController.m; sourceTree = "<group>"; };
		92DA64921AEA26ED00EB0135 /* Base */ = {isa = PBXFileReference; lastKnownFileType = file.storyboard; name = Base; path = Base.lproj/Main.storyboard; sourceTree = "<group>"; };
		92DA64941AEA26ED00EB0135 /* Images.xcassets */ = {isa = PBXFileReference; lastKnownFileType = folder.assetcatalog; path = Images.xcassets; sourceTree = "<group>"; };
		92DA64971AEA26ED00EB0135 /* Base */ = {isa = PBXFileReference; lastKnownFileType = file.xib; name = Base; path = Base.lproj/LaunchScreen.xib; sourceTree = "<group>"; };
		92DA649D1AEA26ED00EB0135 /* AppStore(Horizontal)DemoTests.xctest */ = {isa = PBXFileReference; explicitFileType = wrapper.cfbundle; includeInIndex = 0; path = "AppStore(Horizontal)DemoTests.xctest"; sourceTree = BUILT_PRODUCTS_DIR; };
		92DA64A21AEA26ED00EB0135 /* Info.plist */ = {isa = PBXFileReference; lastKnownFileType = text.plist.xml; path = Info.plist; sourceTree = "<group>"; };
		92DA64A31AEA26ED00EB0135 /* AppStore_Horizontal_DemoTests.m */ = {isa = PBXFileReference; lastKnownFileType = sourcecode.c.objc; path = AppStore_Horizontal_DemoTests.m; sourceTree = "<group>"; };
		92DA64AE1AEA27A500EB0135 /* HorizontalScrollCell.h */ = {isa = PBXFileReference; fileEncoding = 4; lastKnownFileType = sourcecode.c.h; path = HorizontalScrollCell.h; sourceTree = "<group>"; };
		92DA64AF1AEA27A500EB0135 /* HorizontalScrollCell.m */ = {isa = PBXFileReference; fileEncoding = 4; lastKnownFileType = sourcecode.c.objc; path = HorizontalScrollCell.m; sourceTree = "<group>"; };
		92DA64B11AEA27D900EB0135 /* BaseTableViewCell.h */ = {isa = PBXFileReference; fileEncoding = 4; lastKnownFileType = sourcecode.c.h; path = BaseTableViewCell.h; sourceTree = "<group>"; };
		92DA64B21AEA27D900EB0135 /* BaseTableViewCell.m */ = {isa = PBXFileReference; fileEncoding = 4; lastKnownFileType = sourcecode.c.objc; path = BaseTableViewCell.m; sourceTree = "<group>"; };
		92DA64B41AEA27F600EB0135 /* BaseModel.h */ = {isa = PBXFileReference; fileEncoding = 4; lastKnownFileType = sourcecode.c.h; path = BaseModel.h; sourceTree = "<group>"; };
		92DA64B51AEA27F600EB0135 /* BaseModel.m */ = {isa = PBXFileReference; fileEncoding = 4; lastKnownFileType = sourcecode.c.objc; path = BaseModel.m; sourceTree = "<group>"; };
		92DA64B91AEA293F00EB0135 /* HorizontalScrollCellDeleagte.h */ = {isa = PBXFileReference; fileEncoding = 4; lastKnownFileType = sourcecode.c.h; path = HorizontalScrollCellDeleagte.h; sourceTree = "<group>"; };
		92DA64BB1AEA46FB00EB0135 /* HorizontalPrefixHeader.pch */ = {isa = PBXFileReference; fileEncoding = 4; lastKnownFileType = sourcecode.c.h; name = HorizontalPrefixHeader.pch; path = "AppStore(Horizontal)Demo/HorizontalPrefixHeader.pch"; sourceTree = "<group>"; };
		92DA64BC1AEA49AF00EB0135 /* HorizonScrollTableView.h */ = {isa = PBXFileReference; fileEncoding = 4; lastKnownFileType = sourcecode.c.h; path = HorizonScrollTableView.h; sourceTree = "<group>"; };
		92DA64BD1AEA49AF00EB0135 /* HorizonScrollTableView.m */ = {isa = PBXFileReference; fileEncoding = 4; lastKnownFileType = sourcecode.c.objc; path = HorizonScrollTableView.m; sourceTree = "<group>"; };
		92DA64BF1AEA4AF900EB0135 /* HorzonItemCell.h */ = {isa = PBXFileReference; fileEncoding = 4; lastKnownFileType = sourcecode.c.h; path = HorzonItemCell.h; sourceTree = "<group>"; };
		92DA64C01AEA4AF900EB0135 /* HorzonItemCell.m */ = {isa = PBXFileReference; fileEncoding = 4; lastKnownFileType = sourcecode.c.objc; path = HorzonItemCell.m; sourceTree = "<group>"; };
		92DA64C51AEA4E2600EB0135 /* UIView+ViewConstraint.h */ = {isa = PBXFileReference; fileEncoding = 4; lastKnownFileType = sourcecode.c.h; name = "UIView+ViewConstraint.h"; path = "../AppStore(Horizontal)Demo/UIView+ViewConstraint.h"; sourceTree = "<group>"; };
		92DA64C61AEA4E2600EB0135 /* UIView+ViewConstraint.m */ = {isa = PBXFileReference; fileEncoding = 4; lastKnownFileType = sourcecode.c.objc; name = "UIView+ViewConstraint.m"; path = "../AppStore(Horizontal)Demo/UIView+ViewConstraint.m"; sourceTree = "<group>"; };
		92DA64C81AEA638700EB0135 /* CollectModel.h */ = {isa = PBXFileReference; fileEncoding = 4; lastKnownFileType = sourcecode.c.h; path = CollectModel.h; sourceTree = "<group>"; };
		92DA64C91AEA638700EB0135 /* CollectModel.m */ = {isa = PBXFileReference; fileEncoding = 4; lastKnownFileType = sourcecode.c.objc; path = CollectModel.m; sourceTree = "<group>"; };
		92DA64CA1AEA638700EB0135 /* CategoryModel.h */ = {isa = PBXFileReference; fileEncoding = 4; lastKnownFileType = sourcecode.c.h; path = CategoryModel.h; sourceTree = "<group>"; };
		92DA64CB1AEA638700EB0135 /* CategoryModel.m */ = {isa = PBXFileReference; fileEncoding = 4; lastKnownFileType = sourcecode.c.objc; path = CategoryModel.m; sourceTree = "<group>"; };
/* End PBXFileReference section */

/* Begin PBXFrameworksBuildPhase section */
		92DA64811AEA26ED00EB0135 /* Frameworks */ = {
			isa = PBXFrameworksBuildPhase;
			buildActionMask = 2147483647;
			files = (
			);
			runOnlyForDeploymentPostprocessing = 0;
		};
		92DA649A1AEA26ED00EB0135 /* Frameworks */ = {
			isa = PBXFrameworksBuildPhase;
			buildActionMask = 2147483647;
			files = (
			);
			runOnlyForDeploymentPostprocessing = 0;
		};
/* End PBXFrameworksBuildPhase section */

/* Begin PBXGroup section */
		92D8C7DE1AEDE91700D22B37 /* Controller */ = {
			isa = PBXGroup;
			children = (
				92DA648E1AEA26ED00EB0135 /* ViewController.h */,
				92DA648F1AEA26ED00EB0135 /* ViewController.m */,
				9239DE371AEBB1F900D8C151 /* DetailViewCtroller.h */,
				9239DE381AEBB1F900D8C151 /* DetailViewCtroller.m */,
			);
			name = Controller;
			sourceTree = "<group>";
		};
		92DA647B1AEA26EC00EB0135 = {
			isa = PBXGroup;
			children = (
				92DA64BB1AEA46FB00EB0135 /* HorizontalPrefixHeader.pch */,
				92DA64861AEA26ED00EB0135 /* AppStore(Horizontal)Demo */,
				92DA64A01AEA26ED00EB0135 /* AppStore(Horizontal)DemoTests */,
				92DA64851AEA26ED00EB0135 /* Products */,
			);
			sourceTree = "<group>";
		};
		92DA64851AEA26ED00EB0135 /* Products */ = {
			isa = PBXGroup;
			children = (
				92DA64841AEA26ED00EB0135 /* AppStore(Horizontal)Demo.app */,
				92DA649D1AEA26ED00EB0135 /* AppStore(Horizontal)DemoTests.xctest */,
			);
			name = Products;
			sourceTree = "<group>";
		};
		92DA64861AEA26ED00EB0135 /* AppStore(Horizontal)Demo */ = {
			isa = PBXGroup;
			children = (
				92D8C7DE1AEDE91700D22B37 /* Controller */,
				92DA64B81AEA280400EB0135 /* Model */,
				92DA64AD1AEA279200EB0135 /* HorizontalView */,
				92DA648B1AEA26ED00EB0135 /* AppDelegate.h */,
				92DA648C1AEA26ED00EB0135 /* AppDelegate.m */,
				92DA64911AEA26ED00EB0135 /* Main.storyboard */,
				92DA64941AEA26ED00EB0135 /* Images.xcassets */,
				92DA64961AEA26ED00EB0135 /* LaunchScreen.xib */,
				92DA64871AEA26ED00EB0135 /* Supporting Files */,
			);
			path = "AppStore(Horizontal)Demo";
			sourceTree = "<group>";
		};
		92DA64871AEA26ED00EB0135 /* Supporting Files */ = {
			isa = PBXGroup;
			children = (
				92DA64881AEA26ED00EB0135 /* Info.plist */,
				92DA64891AEA26ED00EB0135 /* main.m */,
			);
			name = "Supporting Files";
			sourceTree = "<group>";
		};
		92DA64A01AEA26ED00EB0135 /* AppStore(Horizontal)DemoTests */ = {
			isa = PBXGroup;
			children = (
				92DA64A31AEA26ED00EB0135 /* AppStore_Horizontal_DemoTests.m */,
				92DA64A11AEA26ED00EB0135 /* Supporting Files */,
			);
			path = "AppStore(Horizontal)DemoTests";
			sourceTree = "<group>";
		};
		92DA64A11AEA26ED00EB0135 /* Supporting Files */ = {
			isa = PBXGroup;
			children = (
				92DA64A21AEA26ED00EB0135 /* Info.plist */,
			);
			name = "Supporting Files";
			sourceTree = "<group>";
		};
		92DA64AD1AEA279200EB0135 /* HorizontalView */ = {
			isa = PBXGroup;
			children = (
				92DA64C51AEA4E2600EB0135 /* UIView+ViewConstraint.h */,
				92DA64C61AEA4E2600EB0135 /* UIView+ViewConstraint.m */,
				92DA64BF1AEA4AF900EB0135 /* HorzonItemCell.h */,
				92DA64C01AEA4AF900EB0135 /* HorzonItemCell.m */,
				92DA64BC1AEA49AF00EB0135 /* HorizonScrollTableView.h */,
				92DA64BD1AEA49AF00EB0135 /* HorizonScrollTableView.m */,
				92DA64AE1AEA27A500EB0135 /* HorizontalScrollCell.h */,
				92DA64AF1AEA27A500EB0135 /* HorizontalScrollCell.m */,
				92DA64B11AEA27D900EB0135 /* BaseTableViewCell.h */,
				92DA64B21AEA27D900EB0135 /* BaseTableViewCell.m */,
				92DA64B91AEA293F00EB0135 /* HorizontalScrollCellDeleagte.h */,
			);
			path = HorizontalView;
			sourceTree = SOURCE_ROOT;
		};
		92DA64B81AEA280400EB0135 /* Model */ = {
			isa = PBXGroup;
			children = (
				92DA64C81AEA638700EB0135 /* CollectModel.h */,
				92DA64C91AEA638700EB0135 /* CollectModel.m */,
				92DA64CA1AEA638700EB0135 /* CategoryModel.h */,
				92DA64CB1AEA638700EB0135 /* CategoryModel.m */,
				92DA64B41AEA27F600EB0135 /* BaseModel.h */,
				92DA64B51AEA27F600EB0135 /* BaseModel.m */,
			);
			name = Model;
			path = ../HorizontalView;
			sourceTree = "<group>";
		};
/* End PBXGroup section */

/* Begin PBXNativeTarget section */
		92DA64831AEA26ED00EB0135 /* AppStore(Horizontal)Demo */ = {
			isa = PBXNativeTarget;
			buildConfigurationList = 92DA64A71AEA26ED00EB0135 /* Build configuration list for PBXNativeTarget "AppStore(Horizontal)Demo" */;
			buildPhases = (
				92DA64801AEA26ED00EB0135 /* Sources */,
				92DA64811AEA26ED00EB0135 /* Frameworks */,
				92DA64821AEA26ED00EB0135 /* Resources */,
			);
			buildRules = (
			);
			dependencies = (
			);
			name = "AppStore(Horizontal)Demo";
			productName = "AppStore(Horizontal)Demo";
			productReference = 92DA64841AEA26ED00EB0135 /* AppStore(Horizontal)Demo.app */;
			productType = "com.apple.product-type.application";
		};
		92DA649C1AEA26ED00EB0135 /* AppStore(Horizontal)DemoTests */ = {
			isa = PBXNativeTarget;
			buildConfigurationList = 92DA64AA1AEA26ED00EB0135 /* Build configuration list for PBXNativeTarget "AppStore(Horizontal)DemoTests" */;
			buildPhases = (
				92DA64991AEA26ED00EB0135 /* Sources */,
				92DA649A1AEA26ED00EB0135 /* Frameworks */,
				92DA649B1AEA26ED00EB0135 /* Resources */,
			);
			buildRules = (
			);
			dependencies = (
				92DA649F1AEA26ED00EB0135 /* PBXTargetDependency */,
			);
			name = "AppStore(Horizontal)DemoTests";
			productName = "AppStore(Horizontal)DemoTests";
			productReference = 92DA649D1AEA26ED00EB0135 /* AppStore(Horizontal)DemoTests.xctest */;
			productType = "com.apple.product-type.bundle.unit-test";
		};
/* End PBXNativeTarget section */

/* Begin PBXProject section */
		92DA647C1AEA26EC00EB0135 /* Project object */ = {
			isa = PBXProject;
			attributes = {
				LastUpgradeCheck = 0630;
				ORGANIZATIONNAME = liaoyp;
				TargetAttributes = {
					92DA64831AEA26ED00EB0135 = {
						CreatedOnToolsVersion = 6.3;
					};
					92DA649C1AEA26ED00EB0135 = {
						CreatedOnToolsVersion = 6.3;
						TestTargetID = 92DA64831AEA26ED00EB0135;
					};
				};
			};
			buildConfigurationList = 92DA647F1AEA26EC00EB0135 /* Build configuration list for PBXProject "AppStore(Horizontal)Demo" */;
			compatibilityVersion = "Xcode 3.2";
			developmentRegion = English;
			hasScannedForEncodings = 0;
			knownRegions = (
				en,
				Base,
			);
			mainGroup = 92DA647B1AEA26EC00EB0135;
			productRefGroup = 92DA64851AEA26ED00EB0135 /* Products */;
			projectDirPath = "";
			projectRoot = "";
			targets = (
				92DA64831AEA26ED00EB0135 /* AppStore(Horizontal)Demo */,
				92DA649C1AEA26ED00EB0135 /* AppStore(Horizontal)DemoTests */,
			);
		};
/* End PBXProject section */

/* Begin PBXResourcesBuildPhase section */
		92DA64821AEA26ED00EB0135 /* Resources */ = {
			isa = PBXResourcesBuildPhase;
			buildActionMask = 2147483647;
			files = (
				92DA64931AEA26ED00EB0135 /* Main.storyboard in Resources */,
				92DA64981AEA26ED00EB0135 /* LaunchScreen.xib in Resources */,
				92DA64951AEA26ED00EB0135 /* Images.xcassets in Resources */,
			);
			runOnlyForDeploymentPostprocessing = 0;
		};
		92DA649B1AEA26ED00EB0135 /* Resources */ = {
			isa = PBXResourcesBuildPhase;
			buildActionMask = 2147483647;
			files = (
			);
			runOnlyForDeploymentPostprocessing = 0;
		};
/* End PBXResourcesBuildPhase section */

/* Begin PBXSourcesBuildPhase section */
		92DA64801AEA26ED00EB0135 /* Sources */ = {
			isa = PBXSourcesBuildPhase;
			buildActionMask = 2147483647;
			files = (
				92DA64C71AEA4E2600EB0135 /* UIView+ViewConstraint.m in Sources */,
				92DA64CD1AEA638700EB0135 /* CategoryModel.m in Sources */,
				9239DE391AEBB1F900D8C151 /* DetailViewCtroller.m in Sources */,
				92DA64C11AEA4AF900EB0135 /* HorzonItemCell.m in Sources */,
				92DA64BE1AEA49AF00EB0135 /* HorizonScrollTableView.m in Sources */,
				92DA64B61AEA27F600EB0135 /* BaseModel.m in Sources */,
				92DA64B31AEA27D900EB0135 /* BaseTableViewCell.m in Sources */,
				92DA64B01AEA27A500EB0135 /* HorizontalScrollCell.m in Sources */,
				92DA64901AEA26ED00EB0135 /* ViewController.m in Sources */,
				92DA648D1AEA26ED00EB0135 /* AppDelegate.m in Sources */,
				92DA648A1AEA26ED00EB0135 /* main.m in Sources */,
				92DA64CC1AEA638700EB0135 /* CollectModel.m in Sources */,
			);
			runOnlyForDeploymentPostprocessing = 0;
		};
		92DA64991AEA26ED00EB0135 /* Sources */ = {
			isa = PBXSourcesBuildPhase;
			buildActionMask = 2147483647;
			files = (
				92DA64A41AEA26ED00EB0135 /* AppStore_Horizontal_DemoTests.m in Sources */,
			);
			runOnlyForDeploymentPostprocessing = 0;
		};
/* End PBXSourcesBuildPhase section */

/* Begin PBXTargetDependency section */
		92DA649F1AEA26ED00EB0135 /* PBXTargetDependency */ = {
			isa = PBXTargetDependency;
			target = 92DA64831AEA26ED00EB0135 /* AppStore(Horizontal)Demo */;
			targetProxy = 92DA649E1AEA26ED00EB0135 /* PBXContainerItemProxy */;
		};
/* End PBXTargetDependency section */

/* Begin PBXVariantGroup section */
		92DA64911AEA26ED00EB0135 /* Main.storyboard */ = {
			isa = PBXVariantGroup;
			children = (
				92DA64921AEA26ED00EB0135 /* Base */,
			);
			name = Main.storyboard;
			sourceTree = "<group>";
		};
		92DA64961AEA26ED00EB0135 /* LaunchScreen.xib */ = {
			isa = PBXVariantGroup;
			children = (
				92DA64971AEA26ED00EB0135 /* Base */,
			);
			name = LaunchScreen.xib;
			sourceTree = "<group>";
		};
/* End PBXVariantGroup section */

/* Begin XCBuildConfiguration section */
		92DA64A51AEA26ED00EB0135 /* Debug */ = {
			isa = XCBuildConfiguration;
			buildSettings = {
				ALWAYS_SEARCH_USER_PATHS = NO;
				CLANG_CXX_LANGUAGE_STANDARD = "gnu++0x";
				CLANG_CXX_LIBRARY = "libc++";
				CLANG_ENABLE_MODULES = YES;
				CLANG_ENABLE_OBJC_ARC = YES;
				CLANG_WARN_BOOL_CONVERSION = YES;
				CLANG_WARN_CONSTANT_CONVERSION = YES;
				CLANG_WARN_DIRECT_OBJC_ISA_USAGE = YES_ERROR;
				CLANG_WARN_EMPTY_BODY = YES;
				CLANG_WARN_ENUM_CONVERSION = YES;
				CLANG_WARN_INT_CONVERSION = YES;
				CLANG_WARN_OBJC_ROOT_CLASS = YES_ERROR;
				CLANG_WARN_UNREACHABLE_CODE = YES;
				CLANG_WARN__DUPLICATE_METHOD_MATCH = YES;
				"CODE_SIGN_IDENTITY[sdk=iphoneos*]" = "iPhone Developer";
				COPY_PHASE_STRIP = NO;
				DEBUG_INFORMATION_FORMAT = "dwarf-with-dsym";
				ENABLE_STRICT_OBJC_MSGSEND = YES;
				GCC_C_LANGUAGE_STANDARD = gnu99;
				GCC_DYNAMIC_NO_PIC = NO;
				GCC_NO_COMMON_BLOCKS = YES;
				GCC_OPTIMIZATION_LEVEL = 0;
				GCC_PREPROCESSOR_DEFINITIONS = (
					"DEBUG=1",
					"$(inherited)",
				);
				GCC_SYMBOLS_PRIVATE_EXTERN = NO;
				GCC_WARN_64_TO_32_BIT_CONVERSION = YES;
				GCC_WARN_ABOUT_RETURN_TYPE = YES_ERROR;
				GCC_WARN_UNDECLARED_SELECTOR = YES;
				GCC_WARN_UNINITIALIZED_AUTOS = YES_AGGRESSIVE;
				GCC_WARN_UNUSED_FUNCTION = YES;
				GCC_WARN_UNUSED_VARIABLE = YES;
				IPHONEOS_DEPLOYMENT_TARGET = 8.3;
				MTL_ENABLE_DEBUG_INFO = YES;
				ONLY_ACTIVE_ARCH = YES;
				SDKROOT = iphoneos;
			};
			name = Debug;
		};
		92DA64A61AEA26ED00EB0135 /* Release */ = {
			isa = XCBuildConfiguration;
			buildSettings = {
				ALWAYS_SEARCH_USER_PATHS = NO;
				CLANG_CXX_LANGUAGE_STANDARD = "gnu++0x";
				CLANG_CXX_LIBRARY = "libc++";
				CLANG_ENABLE_MODULES = YES;
				CLANG_ENABLE_OBJC_ARC = YES;
				CLANG_WARN_BOOL_CONVERSION = YES;
				CLANG_WARN_CONSTANT_CONVERSION = YES;
				CLANG_WARN_DIRECT_OBJC_ISA_USAGE = YES_ERROR;
				CLANG_WARN_EMPTY_BODY = YES;
				CLANG_WARN_ENUM_CONVERSION = YES;
				CLANG_WARN_INT_CONVERSION = YES;
				CLANG_WARN_OBJC_ROOT_CLASS = YES_ERROR;
				CLANG_WARN_UNREACHABLE_CODE = YES;
				CLANG_WARN__DUPLICATE_METHOD_MATCH = YES;
				"CODE_SIGN_IDENTITY[sdk=iphoneos*]" = "iPhone Developer";
				COPY_PHASE_STRIP = NO;
				DEBUG_INFORMATION_FORMAT = "dwarf-with-dsym";
				ENABLE_NS_ASSERTIONS = NO;
				ENABLE_STRICT_OBJC_MSGSEND = YES;
				GCC_C_LANGUAGE_STANDARD = gnu99;
				GCC_NO_COMMON_BLOCKS = YES;
				GCC_WARN_64_TO_32_BIT_CONVERSION = YES;
				GCC_WARN_ABOUT_RETURN_TYPE = YES_ERROR;
				GCC_WARN_UNDECLARED_SELECTOR = YES;
				GCC_WARN_UNINITIALIZED_AUTOS = YES_AGGRESSIVE;
				GCC_WARN_UNUSED_FUNCTION = YES;
				GCC_WARN_UNUSED_VARIABLE = YES;
				IPHONEOS_DEPLOYMENT_TARGET = 8.3;
				MTL_ENABLE_DEBUG_INFO = NO;
				SDKROOT = iphoneos;
				VALIDATE_PRODUCT = YES;
			};
			name = Release;
		};
		92DA64A81AEA26ED00EB0135 /* Debug */ = {
			isa = XCBuildConfiguration;
			buildSettings = {
				ASSETCATALOG_COMPILER_APPICON_NAME = AppIcon;
				GCC_PREFIX_HEADER = "${SRCROOT}/AppStore(Horizontal)Demo/HorizontalPrefixHeader.pch";
				INFOPLIST_FILE = "AppStore(Horizontal)Demo/Info.plist";
				LD_RUNPATH_SEARCH_PATHS = "$(inherited) @executable_path/Frameworks";
				PRODUCT_NAME = "$(TARGET_NAME)";
			};
			name = Debug;
		};
		92DA64A91AEA26ED00EB0135 /* Release */ = {
			isa = XCBuildConfiguration;
			buildSettings = {
				ASSETCATALOG_COMPILER_APPICON_NAME = AppIcon;
				GCC_PREFIX_HEADER = "${SRCROOT}/AppStore(Horizontal)Demo/HorizontalPrefixHeader.pch";
				INFOPLIST_FILE = "AppStore(Horizontal)Demo/Info.plist";
				LD_RUNPATH_SEARCH_PATHS = "$(inherited) @executable_path/Frameworks";
				PRODUCT_NAME = "$(TARGET_NAME)";
			};
			name = Release;
		};
		92DA64AB1AEA26ED00EB0135 /* Debug */ = {
			isa = XCBuildConfiguration;
			buildSettings = {
				BUNDLE_LOADER = "$(TEST_HOST)";
				FRAMEWORK_SEARCH_PATHS = (
					"$(SDKROOT)/Developer/Library/Frameworks",
					"$(inherited)",
				);
				GCC_PREPROCESSOR_DEFINITIONS = (
					"DEBUG=1",
					"$(inherited)",
				);
				INFOPLIST_FILE = "AppStore(Horizontal)DemoTests/Info.plist";
				LD_RUNPATH_SEARCH_PATHS = "$(inherited) @executable_path/Frameworks @loader_path/Frameworks";
				PRODUCT_NAME = "$(TARGET_NAME)";
				TEST_HOST = "$(BUILT_PRODUCTS_DIR)/AppStore(Horizontal)Demo.app/AppStore(Horizontal)Demo";
			};
			name = Debug;
		};
		92DA64AC1AEA26ED00EB0135 /* Release */ = {
			isa = XCBuildConfiguration;
			buildSettings = {
				BUNDLE_LOADER = "$(TEST_HOST)";
				FRAMEWORK_SEARCH_PATHS = (
					"$(SDKROOT)/Developer/Library/Frameworks",
					"$(inherited)",
				);
				INFOPLIST_FILE = "AppStore(Horizontal)DemoTests/Info.plist";
				LD_RUNPATH_SEARCH_PATHS = "$(inherited) @executable_path/Frameworks @loader_path/Frameworks";
				PRODUCT_NAME = "$(TARGET_NAME)";
				TEST_HOST = "$(BUILT_PRODUCTS_DIR)/AppStore(Horizontal)Demo.app/AppStore(Horizontal)Demo";
			};
			name = Release;
		};
/* End XCBuildConfiguration section */

/* Begin XCConfigurationList section */
		92DA647F1AEA26EC00EB0135 /* Build configuration list for PBXProject "AppStore(Horizontal)Demo" */ = {
			isa = XCConfigurationList;
			buildConfigurations = (
				92DA64A51AEA26ED00EB0135 /* Debug */,
				92DA64A61AEA26ED00EB0135 /* Release */,
			);
			defaultConfigurationIsVisible = 0;
			defaultConfigurationName = Release;
		};
		92DA64A71AEA26ED00EB0135 /* Build configuration list for PBXNativeTarget "AppStore(Horizontal)Demo" */ = {
			isa = XCConfigurationList;
			buildConfigurations = (
				92DA64A81AEA26ED00EB0135 /* Debug */,
				92DA64A91AEA26ED00EB0135 /* Release */,
			);
			defaultConfigurationIsVisible = 0;
			defaultConfigurationName = Release;
		};
		92DA64AA1AEA26ED00EB0135 /* Build configuration list for PBXNativeTarget "AppStore(Horizontal)DemoTests" */ = {
			isa = XCConfigurationList;
			buildConfigurations = (
				92DA64AB1AEA26ED00EB0135 /* Debug */,
				92DA64AC1AEA26ED00EB0135 /* Release */,
			);
			defaultConfigurationIsVisible = 0;
			defaultConfigurationName = Release;
		};
/* End XCConfigurationList section */
	};
	rootObject = 92DA647C1AEA26EC00EB0135 /* Project object */;
}
